
Microsoft Visual Studio Solution File, Format Version 12.00
# Visual Studio Version 17
VisualStudioVersion = 17.9.34728.123
MinimumVisualStudioVersion = 10.0.40219.1
Project("{8BC9CEB8-8B4A-11D0-8D11-00A0C91BC942}") = "przykład2", "przykład2\przykład2.vcxproj", "{E9191CE0-A278-4533-8739-9592FF056C2A}"
EndProject
Global
	GlobalSection(SolutionConfigurationPlatforms) = preSolution
		Debug|x64 = Debug|x64
		Debug|x86 = Debug|x86
		Release|x64 = Release|x64
		Release|x86 = Release|x86
	EndGlobalSection
	GlobalSection(ProjectConfigurationPlatforms) = postSolution
		{E9191CE0-A278-4533-8739-9592FF056C2A}.Debug|x64.ActiveCfg = Debug|x64
		{E9191CE0-A278-4533-8739-9592FF056C2A}.Debug|x64.Build.0 = Debug|x64
		{E9191CE0-A278-4533-8739-9592FF056C2A}.Debug|x86.ActiveCfg = Debug|Win32
		{E9191CE0-A278-4533-8739-9592FF056C2A}.Debug|x86.Build.0 = Debug|Win32
		{E9191CE0-A278-4533-8739-9592FF056C2A}.Release|x64.ActiveCfg = Release|x64
		{E9191CE0-A278-4533-8739-9592FF056C2A}.Release|x64.Build.0 = Release|x64
		{E9191CE0-A278-4533-8739-9592FF056C2A}.Release|x86.ActiveCfg = Release|Win32
		{E9191CE0-A278-4533-8739-9592FF056C2A}.Release|x86.Build.0 = Release|Win32
	EndGlobalSection
	GlobalSection(SolutionProperties) = preSolution
		HideSolutionNode = FALSE
	EndGlobalSection
	GlobalSection(ExtensibilityGlobals) = postSolution
		SolutionGuid = {878C8E9A-B682-4919-B0C8-9B7F757DF511}
	EndGlobalSection
EndGlobal
